
Microsoft Visual Studio Solution File, Format Version 12.00
# Visual Studio Version 17
VisualStudioVersion = 17.14.36518.9
MinimumVisualStudioVersion = 10.0.40219.1
Project("{2150E333-8FDC-42A3-9474-1A3956D46DE8}") = "Task0", "Task0", "{02EA681E-C7D8-13C7-8484-4AC65E1B71E8}"
EndProject
Project("{FAE04EC0-301F-11D3-BF4B-00C04F79EFBC}") = "Tyuiu.MoskalevEA.Sprint2.Task0.V17", "Tyuiu.MoskalevEA.Sprint2.Task0.V17\Tyuiu.MoskalevEA.Sprint2.Task0.V17.csproj", "{151463A6-7252-44F0-B92B-20C567FB4532}"
EndProject
Project("{FAE04EC0-301F-11D3-BF4B-00C04F79EFBC}") = "Tyuiu.MoskalevEA.Sprint2.Task0.V17.Test", "Tyuiu.MoskalevEA.Sprint2.Task0.V17.Test\Tyuiu.MoskalevEA.Sprint2.Task0.V17.Test.csproj", "{5F92AD81-E00A-42B3-A646-D6DB299DDAD8}"
EndProject
Project("{FAE04EC0-301F-11D3-BF4B-00C04F79EFBC}") = "Tyuiu.MoskalevEA.Sprint2.Task0.V17.Lib", "Tyuiu.MoskalevEA.Sprint2.Task0.V17.Lib\Tyuiu.MoskalevEA.Sprint2.Task0.V17.Lib.csproj", "{5E11688F-C4C0-4D98-95F3-1575C4FACB47}"
EndProject
Project("{2150E333-8FDC-42A3-9474-1A3956D46DE8}") = "Task1", "Task1", "{8A6FC3C3-BEA2-435F-8A8F-AF87EE43E35C}"
EndProject
Project("{FAE04EC0-301F-11D3-BF4B-00C04F79EFBC}") = "Tyuiu.MoskalevEA.Sprint2.Task1.V22", "Tyuiu.MoskalevEA.Sprint2.Task1.V22\Tyuiu.MoskalevEA.Sprint2.Task1.V22.csproj", "{83CB1B33-DEF8-400F-BE82-BC937D397225}"
EndProject
Project("{FAE04EC0-301F-11D3-BF4B-00C04F79EFBC}") = "Tyuiu.MoskalevEA.Sprint2.Task1.V22.Test", "Tyuiu.MoskalevEA.Sprint2.Task1.V22.Test\Tyuiu.MoskalevEA.Sprint2.Task1.V22.Test.csproj", "{DA023F4D-7729-4A9D-804D-55F9FE9F233C}"
EndProject
Project("{FAE04EC0-301F-11D3-BF4B-00C04F79EFBC}") = "Tyuiu.MoskalevEA.Sprint2.Task1.V22.Lib", "Tyuiu.MoskalevEA.Sprint2.Task1.V22.Lib\Tyuiu.MoskalevEA.Sprint2.Task1.V22.Lib.csproj", "{08A71B32-E0FC-49A7-8245-003415EC7705}"
EndProject
Project("{2150E333-8FDC-42A3-9474-1A3956D46DE8}") = "Task2", "Task2", "{DF0DB516-072F-4714-AA08-D34E3EC11B25}"
EndProject
Project("{FAE04EC0-301F-11D3-BF4B-00C04F79EFBC}") = "Tyuiu.MoskalevEA.Sprint2.Task2.V15.Lib", "Tyuiu.MoskalevEA.Sprint2.Task2.V15.Lib\Tyuiu.MoskalevEA.Sprint2.Task2.V15.Lib.csproj", "{3918F725-7DE8-437C-8B6D-366942C67BF3}"
EndProject
Project("{FAE04EC0-301F-11D3-BF4B-00C04F79EFBC}") = "Tyuiu.MoskalevEA.Sprint2.Task2.V15.Test", "Tyuiu.MoskalevEA.Sprint2.Task2.V15.Test\Tyuiu.MoskalevEA.Sprint2.Task2.V15.Test.csproj", "{4514AF21-C7DA-4C84-BEC9-9AB00C6C1114}"
EndProject
Project("{FAE04EC0-301F-11D3-BF4B-00C04F79EFBC}") = "Tyuiu.MoskalevEA.Sprint2.Task2.V15", "Tyuiu.MoskalevEA.Sprint2.Task2.V15\Tyuiu.MoskalevEA.Sprint2.Task2.V15.csproj", "{0EB87956-3AB6-4EAF-AE95-E361DA349263}"
EndProject
Project("{2150E333-8FDC-42A3-9474-1A3956D46DE8}") = "Task3", "Task3", "{819B2779-1C94-40E5-84B5-955D8D055067}"
EndProject
Project("{2150E333-8FDC-42A3-9474-1A3956D46DE8}") = "Task4", "Task4", "{83AB02D8-AC2D-45CC-A3FA-67CABBEBF70B}"
EndProject
Project("{FAE04EC0-301F-11D3-BF4B-00C04F79EFBC}") = "Tyuiu.MoskalevEA.Sprint2.Task3.V12", "Tyuiu.MoskalevEA.Sprint2.Task3.V12\Tyuiu.MoskalevEA.Sprint2.Task3.V12.csproj", "{FC8F280E-3DB4-4786-941F-4CC663673CAB}"
EndProject
Project("{FAE04EC0-301F-11D3-BF4B-00C04F79EFBC}") = "Tyuiu.MoskalevEA.Sprint2.Task3.V12.Test", "Tyuiu.MoskalevEA.Sprint2.Task3.V12.Test\Tyuiu.MoskalevEA.Sprint2.Task3.V12.Test.csproj", "{E2BD2186-F85F-4772-A30A-B72490299657}"
EndProject
Project("{FAE04EC0-301F-11D3-BF4B-00C04F79EFBC}") = "Tyuiu.MoskalevEA.Sprint2.Task3.V12.Lib", "Tyuiu.MoskalevEA.Sprint2.Task3.V12.Lib\Tyuiu.MoskalevEA.Sprint2.Task3.V12.Lib.csproj", "{1BC8B3AB-C5CB-455F-BC15-AA1C5ECDF7D2}"
EndProject
Project("{FAE04EC0-301F-11D3-BF4B-00C04F79EFBC}") = "Tyuiu.MoskalevEA.Sprint2.Task4.V14.Test", "Tyuiu.MoskalevEA.Sprint2.Task4.V14.Test\Tyuiu.MoskalevEA.Sprint2.Task4.V14.Test.csproj", "{EE954DF4-10A8-450A-8CD0-72FAE3CEAAD4}"
EndProject
Project("{FAE04EC0-301F-11D3-BF4B-00C04F79EFBC}") = "Tyuiu.MoskalevEA.Sprint2.Task4.V14", "Tyuiu.MoskalevEA.Sprint2.Task4.V14\Tyuiu.MoskalevEA.Sprint2.Task4.V14.csproj", "{B41C74BA-02B1-459A-83FC-AAA48DC34F89}"
EndProject
Project("{FAE04EC0-301F-11D3-BF4B-00C04F79EFBC}") = "Tyuiu.MoskalevEA.Sprint2.Task4.V14.Lib", "Tyuiu.MoskalevEA.Sprint2.Task4.V14.Lib\Tyuiu.MoskalevEA.Sprint2.Task4.V14.Lib.csproj", "{B0447933-D337-47FE-A530-651F760A87D1}"
EndProject
Project("{2150E333-8FDC-42A3-9474-1A3956D46DE8}") = "Task5", "Task5", "{D73A7E03-509B-4F7B-9FC6-595868CA4130}"
EndProject
Project("{FAE04EC0-301F-11D3-BF4B-00C04F79EFBC}") = "Tyuiu.MoskalevEA.Sprint2.Task5.V5.Test", "Tyuiu.MoskalevEA.Sprint2.Task5.V5.Test\Tyuiu.MoskalevEA.Sprint2.Task5.V5.Test.csproj", "{4C5E7195-686F-471F-8405-9C5989E815DF}"
EndProject
Project("{FAE04EC0-301F-11D3-BF4B-00C04F79EFBC}") = "Tyuiu.MoskalevEA.Sprint2.Task5.V5.Lib", "Tyuiu.MoskalevEA.Sprint2.Task5.V5.Lib\Tyuiu.MoskalevEA.Sprint2.Task5.V5.Lib.csproj", "{EC98C3EE-4FBF-42F8-B41A-AE85BA1BAECE}"
EndProject
Project("{FAE04EC0-301F-11D3-BF4B-00C04F79EFBC}") = "Tyuiu.MoskalevEA.Sprint2.Task5.V5", "Tyuiu.MoskalevEA.Sprint2.Task5.V5\Tyuiu.MoskalevEA.Sprint2.Task5.V5.csproj", "{E637EA1B-6786-478B-B0E2-EAD7DCDEFAF3}"
EndProject
Global
	GlobalSection(SolutionConfigurationPlatforms) = preSolution
		Debug|Any CPU = Debug|Any CPU
		Release|Any CPU = Release|Any CPU
	EndGlobalSection
	GlobalSection(ProjectConfigurationPlatforms) = postSolution
		{151463A6-7252-44F0-B92B-20C567FB4532}.Debug|Any CPU.ActiveCfg = Debug|Any CPU
		{151463A6-7252-44F0-B92B-20C567FB4532}.Debug|Any CPU.Build.0 = Debug|Any CPU
		{151463A6-7252-44F0-B92B-20C567FB4532}.Release|Any CPU.ActiveCfg = Release|Any CPU
		{151463A6-7252-44F0-B92B-20C567FB4532}.Release|Any CPU.Build.0 = Release|Any CPU
		{5F92AD81-E00A-42B3-A646-D6DB299DDAD8}.Debug|Any CPU.ActiveCfg = Debug|Any CPU
		{5F92AD81-E00A-42B3-A646-D6DB299DDAD8}.Debug|Any CPU.Build.0 = Debug|Any CPU
		{5F92AD81-E00A-42B3-A646-D6DB299DDAD8}.Release|Any CPU.ActiveCfg = Release|Any CPU
		{5F92AD81-E00A-42B3-A646-D6DB299DDAD8}.Release|Any CPU.Build.0 = Release|Any CPU
		{5E11688F-C4C0-4D98-95F3-1575C4FACB47}.Debug|Any CPU.ActiveCfg = Debug|Any CPU
		{5E11688F-C4C0-4D98-95F3-1575C4FACB47}.Debug|Any CPU.Build.0 = Debug|Any CPU
		{5E11688F-C4C0-4D98-95F3-1575C4FACB47}.Release|Any CPU.ActiveCfg = Release|Any CPU
		{5E11688F-C4C0-4D98-95F3-1575C4FACB47}.Release|Any CPU.Build.0 = Release|Any CPU
		{83CB1B33-DEF8-400F-BE82-BC937D397225}.Debug|Any CPU.ActiveCfg = Debug|Any CPU
		{83CB1B33-DEF8-400F-BE82-BC937D397225}.Debug|Any CPU.Build.0 = Debug|Any CPU
		{83CB1B33-DEF8-400F-BE82-BC937D397225}.Release|Any CPU.ActiveCfg = Release|Any CPU
		{83CB1B33-DEF8-400F-BE82-BC937D397225}.Release|Any CPU.Build.0 = Release|Any CPU
		{DA023F4D-7729-4A9D-804D-55F9FE9F233C}.Debug|Any CPU.ActiveCfg = Debug|Any CPU
		{DA023F4D-7729-4A9D-804D-55F9FE9F233C}.Debug|Any CPU.Build.0 = Debug|Any CPU
		{DA023F4D-7729-4A9D-804D-55F9FE9F233C}.Release|Any CPU.ActiveCfg = Release|Any CPU
		{DA023F4D-7729-4A9D-804D-55F9FE9F233C}.Release|Any CPU.Build.0 = Release|Any CPU
		{08A71B32-E0FC-49A7-8245-003415EC7705}.Debug|Any CPU.ActiveCfg = Debug|Any CPU
		{08A71B32-E0FC-49A7-8245-003415EC7705}.Debug|Any CPU.Build.0 = Debug|Any CPU
		{08A71B32-E0FC-49A7-8245-003415EC7705}.Release|Any CPU.ActiveCfg = Release|Any CPU
		{08A71B32-E0FC-49A7-8245-003415EC7705}.Release|Any CPU.Build.0 = Release|Any CPU
		{3918F725-7DE8-437C-8B6D-366942C67BF3}.Debug|Any CPU.ActiveCfg = Debug|Any CPU
		{3918F725-7DE8-437C-8B6D-366942C67BF3}.Debug|Any CPU.Build.0 = Debug|Any CPU
		{3918F725-7DE8-437C-8B6D-366942C67BF3}.Release|Any CPU.ActiveCfg = Release|Any CPU
		{3918F725-7DE8-437C-8B6D-366942C67BF3}.Release|Any CPU.Build.0 = Release|Any CPU
		{4514AF21-C7DA-4C84-BEC9-9AB00C6C1114}.Debug|Any CPU.ActiveCfg = Debug|Any CPU
		{4514AF21-C7DA-4C84-BEC9-9AB00C6C1114}.Debug|Any CPU.Build.0 = Debug|Any CPU
		{4514AF21-C7DA-4C84-BEC9-9AB00C6C1114}.Release|Any CPU.ActiveCfg = Release|Any CPU
		{4514AF21-C7DA-4C84-BEC9-9AB00C6C1114}.Release|Any CPU.Build.0 = Release|Any CPU
		{0EB87956-3AB6-4EAF-AE95-E361DA349263}.Debug|Any CPU.ActiveCfg = Debug|Any CPU
		{0EB87956-3AB6-4EAF-AE95-E361DA349263}.Debug|Any CPU.Build.0 = Debug|Any CPU
		{0EB87956-3AB6-4EAF-AE95-E361DA349263}.Release|Any CPU.ActiveCfg = Release|Any CPU
		{0EB87956-3AB6-4EAF-AE95-E361DA349263}.Release|Any CPU.Build.0 = Release|Any CPU
		{FC8F280E-3DB4-4786-941F-4CC663673CAB}.Debug|Any CPU.ActiveCfg = Debug|Any CPU
		{FC8F280E-3DB4-4786-941F-4CC663673CAB}.Debug|Any CPU.Build.0 = Debug|Any CPU
		{FC8F280E-3DB4-4786-941F-4CC663673CAB}.Release|Any CPU.ActiveCfg = Release|Any CPU
		{FC8F280E-3DB4-4786-941F-4CC663673CAB}.Release|Any CPU.Build.0 = Release|Any CPU
		{E2BD2186-F85F-4772-A30A-B72490299657}.Debug|Any CPU.ActiveCfg = Debug|Any CPU
		{E2BD2186-F85F-4772-A30A-B72490299657}.Debug|Any CPU.Build.0 = Debug|Any CPU
		{E2BD2186-F85F-4772-A30A-B72490299657}.Release|Any CPU.ActiveCfg = Release|Any CPU
		{E2BD2186-F85F-4772-A30A-B72490299657}.Release|Any CPU.Build.0 = Release|Any CPU
		{1BC8B3AB-C5CB-455F-BC15-AA1C5ECDF7D2}.Debug|Any CPU.ActiveCfg = Debug|Any CPU
		{1BC8B3AB-C5CB-455F-BC15-AA1C5ECDF7D2}.Debug|Any CPU.Build.0 = Debug|Any CPU
		{1BC8B3AB-C5CB-455F-BC15-AA1C5ECDF7D2}.Release|Any CPU.ActiveCfg = Release|Any CPU
		{1BC8B3AB-C5CB-455F-BC15-AA1C5ECDF7D2}.Release|Any CPU.Build.0 = Release|Any CPU
		{EE954DF4-10A8-450A-8CD0-72FAE3CEAAD4}.Debug|Any CPU.ActiveCfg = Debug|Any CPU
		{EE954DF4-10A8-450A-8CD0-72FAE3CEAAD4}.Debug|Any CPU.Build.0 = Debug|Any CPU
		{EE954DF4-10A8-450A-8CD0-72FAE3CEAAD4}.Release|Any CPU.ActiveCfg = Release|Any CPU
		{EE954DF4-10A8-450A-8CD0-72FAE3CEAAD4}.Release|Any CPU.Build.0 = Release|Any CPU
		{B41C74BA-02B1-459A-83FC-AAA48DC34F89}.Debug|Any CPU.ActiveCfg = Debug|Any CPU
		{B41C74BA-02B1-459A-83FC-AAA48DC34F89}.Debug|Any CPU.Build.0 = Debug|Any CPU
		{B41C74BA-02B1-459A-83FC-AAA48DC34F89}.Release|Any CPU.ActiveCfg = Release|Any CPU
		{B41C74BA-02B1-459A-83FC-AAA48DC34F89}.Release|Any CPU.Build.0 = Release|Any CPU
		{B0447933-D337-47FE-A530-651F760A87D1}.Debug|Any CPU.ActiveCfg = Debug|Any CPU
		{B0447933-D337-47FE-A530-651F760A87D1}.Debug|Any CPU.Build.0 = Debug|Any CPU
		{B0447933-D337-47FE-A530-651F760A87D1}.Release|Any CPU.ActiveCfg = Release|Any CPU
		{B0447933-D337-47FE-A530-651F760A87D1}.Release|Any CPU.Build.0 = Release|Any CPU
		{4C5E7195-686F-471F-8405-9C5989E815DF}.Debug|Any CPU.ActiveCfg = Debug|Any CPU
		{4C5E7195-686F-471F-8405-9C5989E815DF}.Debug|Any CPU.Build.0 = Debug|Any CPU
		{4C5E7195-686F-471F-8405-9C5989E815DF}.Release|Any CPU.ActiveCfg = Release|Any CPU
		{4C5E7195-686F-471F-8405-9C5989E815DF}.Release|Any CPU.Build.0 = Release|Any CPU
		{EC98C3EE-4FBF-42F8-B41A-AE85BA1BAECE}.Debug|Any CPU.ActiveCfg = Debug|Any CPU
		{EC98C3EE-4FBF-42F8-B41A-AE85BA1BAECE}.Debug|Any CPU.Build.0 = Debug|Any CPU
		{EC98C3EE-4FBF-42F8-B41A-AE85BA1BAECE}.Release|Any CPU.ActiveCfg = Release|Any CPU
		{EC98C3EE-4FBF-42F8-B41A-AE85BA1BAECE}.Release|Any CPU.Build.0 = Release|Any CPU
		{E637EA1B-6786-478B-B0E2-EAD7DCDEFAF3}.Debug|Any CPU.ActiveCfg = Debug|Any CPU
		{E637EA1B-6786-478B-B0E2-EAD7DCDEFAF3}.Debug|Any CPU.Build.0 = Debug|Any CPU
		{E637EA1B-6786-478B-B0E2-EAD7DCDEFAF3}.Release|Any CPU.ActiveCfg = Release|Any CPU
		{E637EA1B-6786-478B-B0E2-EAD7DCDEFAF3}.Release|Any CPU.Build.0 = Release|Any CPU
	EndGlobalSection
	GlobalSection(SolutionProperties) = preSolution
		HideSolutionNode = FALSE
	EndGlobalSection
	GlobalSection(NestedProjects) = preSolution
		{151463A6-7252-44F0-B92B-20C567FB4532} = {02EA681E-C7D8-13C7-8484-4AC65E1B71E8}
		{5F92AD81-E00A-42B3-A646-D6DB299DDAD8} = {02EA681E-C7D8-13C7-8484-4AC65E1B71E8}
		{5E11688F-C4C0-4D98-95F3-1575C4FACB47} = {02EA681E-C7D8-13C7-8484-4AC65E1B71E8}
		{83CB1B33-DEF8-400F-BE82-BC937D397225} = {8A6FC3C3-BEA2-435F-8A8F-AF87EE43E35C}
		{DA023F4D-7729-4A9D-804D-55F9FE9F233C} = {8A6FC3C3-BEA2-435F-8A8F-AF87EE43E35C}
		{08A71B32-E0FC-49A7-8245-003415EC7705} = {8A6FC3C3-BEA2-435F-8A8F-AF87EE43E35C}
		{3918F725-7DE8-437C-8B6D-366942C67BF3} = {DF0DB516-072F-4714-AA08-D34E3EC11B25}
		{4514AF21-C7DA-4C84-BEC9-9AB00C6C1114} = {DF0DB516-072F-4714-AA08-D34E3EC11B25}
		{0EB87956-3AB6-4EAF-AE95-E361DA349263} = {DF0DB516-072F-4714-AA08-D34E3EC11B25}
		{FC8F280E-3DB4-4786-941F-4CC663673CAB} = {819B2779-1C94-40E5-84B5-955D8D055067}
		{E2BD2186-F85F-4772-A30A-B72490299657} = {819B2779-1C94-40E5-84B5-955D8D055067}
		{1BC8B3AB-C5CB-455F-BC15-AA1C5ECDF7D2} = {819B2779-1C94-40E5-84B5-955D8D055067}
		{EE954DF4-10A8-450A-8CD0-72FAE3CEAAD4} = {83AB02D8-AC2D-45CC-A3FA-67CABBEBF70B}
		{B41C74BA-02B1-459A-83FC-AAA48DC34F89} = {83AB02D8-AC2D-45CC-A3FA-67CABBEBF70B}
		{B0447933-D337-47FE-A530-651F760A87D1} = {83AB02D8-AC2D-45CC-A3FA-67CABBEBF70B}
		{4C5E7195-686F-471F-8405-9C5989E815DF} = {D73A7E03-509B-4F7B-9FC6-595868CA4130}
		{EC98C3EE-4FBF-42F8-B41A-AE85BA1BAECE} = {D73A7E03-509B-4F7B-9FC6-595868CA4130}
		{E637EA1B-6786-478B-B0E2-EAD7DCDEFAF3} = {D73A7E03-509B-4F7B-9FC6-595868CA4130}
	EndGlobalSection
	GlobalSection(ExtensibilityGlobals) = postSolution
		SolutionGuid = {41D01C75-CE09-414A-958D-73574DC6AADB}
	EndGlobalSection
EndGlobal
