
Microsoft Visual Studio Solution File, Format Version 12.00
# Visual Studio Version 17
VisualStudioVersion = 17.14.36518.9 d17.14
MinimumVisualStudioVersion = 10.0.40219.1
Project("{2150E333-8FDC-42A3-9474-1A3956D46DE8}") = "Task0", "Task0", "{02EA681E-C7D8-13C7-8484-4AC65E1B71E8}"
EndProject
Project("{FAE04EC0-301F-11D3-BF4B-00C04F79EFBC}") = "Tyuiu.MoskalevEA.Sprint2.Task0.V17", "Tyuiu.MoskalevEA.Sprint2.Task0.V17\Tyuiu.MoskalevEA.Sprint2.Task0.V17.csproj", "{151463A6-7252-44F0-B92B-20C567FB4532}"
EndProject
Project("{FAE04EC0-301F-11D3-BF4B-00C04F79EFBC}") = "Tyuiu.MoskalevEA.Sprint2.Task0.V17.Test", "Tyuiu.MoskalevEA.Sprint2.Task0.V17.Test\Tyuiu.MoskalevEA.Sprint2.Task0.V17.Test.csproj", "{5F92AD81-E00A-42B3-A646-D6DB299DDAD8}"
EndProject
Project("{FAE04EC0-301F-11D3-BF4B-00C04F79EFBC}") = "Tyuiu.MoskalevEA.Sprint2.Task0.V17.Lib", "Tyuiu.MoskalevEA.Sprint2.Task0.V17.Lib\Tyuiu.MoskalevEA.Sprint2.Task0.V17.Lib.csproj", "{5E11688F-C4C0-4D98-95F3-1575C4FACB47}"
EndProject
Project("{2150E333-8FDC-42A3-9474-1A3956D46DE8}") = "Task1", "Task1", "{8A6FC3C3-BEA2-435F-8A8F-AF87EE43E35C}"
EndProject
Project("{FAE04EC0-301F-11D3-BF4B-00C04F79EFBC}") = "Tyuiu.MoskalevEA.Sprint2.Task1.V22", "Tyuiu.MoskalevEA.Sprint2.Task1.V22\Tyuiu.MoskalevEA.Sprint2.Task1.V22.csproj", "{83CB1B33-DEF8-400F-BE82-BC937D397225}"
EndProject
Project("{FAE04EC0-301F-11D3-BF4B-00C04F79EFBC}") = "Tyuiu.MoskalevEA.Sprint2.Task1.V22.Test", "Tyuiu.MoskalevEA.Sprint2.Task1.V22.Test\Tyuiu.MoskalevEA.Sprint2.Task1.V22.Test.csproj", "{DA023F4D-7729-4A9D-804D-55F9FE9F233C}"
EndProject
Project("{FAE04EC0-301F-11D3-BF4B-00C04F79EFBC}") = "Tyuiu.MoskalevEA.Sprint2.Task1.V22.Lib", "Tyuiu.MoskalevEA.Sprint2.Task1.V22.Lib\Tyuiu.MoskalevEA.Sprint2.Task1.V22.Lib.csproj", "{08A71B32-E0FC-49A7-8245-003415EC7705}"
EndProject
Global
	GlobalSection(SolutionConfigurationPlatforms) = preSolution
		Debug|Any CPU = Debug|Any CPU
		Release|Any CPU = Release|Any CPU
	EndGlobalSection
	GlobalSection(ProjectConfigurationPlatforms) = postSolution
		{151463A6-7252-44F0-B92B-20C567FB4532}.Debug|Any CPU.ActiveCfg = Debug|Any CPU
		{151463A6-7252-44F0-B92B-20C567FB4532}.Debug|Any CPU.Build.0 = Debug|Any CPU
		{151463A6-7252-44F0-B92B-20C567FB4532}.Release|Any CPU.ActiveCfg = Release|Any CPU
		{151463A6-7252-44F0-B92B-20C567FB4532}.Release|Any CPU.Build.0 = Release|Any CPU
		{5F92AD81-E00A-42B3-A646-D6DB299DDAD8}.Debug|Any CPU.ActiveCfg = Debug|Any CPU
		{5F92AD81-E00A-42B3-A646-D6DB299DDAD8}.Debug|Any CPU.Build.0 = Debug|Any CPU
		{5F92AD81-E00A-42B3-A646-D6DB299DDAD8}.Release|Any CPU.ActiveCfg = Release|Any CPU
		{5F92AD81-E00A-42B3-A646-D6DB299DDAD8}.Release|Any CPU.Build.0 = Release|Any CPU
		{5E11688F-C4C0-4D98-95F3-1575C4FACB47}.Debug|Any CPU.ActiveCfg = Debug|Any CPU
		{5E11688F-C4C0-4D98-95F3-1575C4FACB47}.Debug|Any CPU.Build.0 = Debug|Any CPU
		{5E11688F-C4C0-4D98-95F3-1575C4FACB47}.Release|Any CPU.ActiveCfg = Release|Any CPU
		{5E11688F-C4C0-4D98-95F3-1575C4FACB47}.Release|Any CPU.Build.0 = Release|Any CPU
		{83CB1B33-DEF8-400F-BE82-BC937D397225}.Debug|Any CPU.ActiveCfg = Debug|Any CPU
		{83CB1B33-DEF8-400F-BE82-BC937D397225}.Debug|Any CPU.Build.0 = Debug|Any CPU
		{83CB1B33-DEF8-400F-BE82-BC937D397225}.Release|Any CPU.ActiveCfg = Release|Any CPU
		{83CB1B33-DEF8-400F-BE82-BC937D397225}.Release|Any CPU.Build.0 = Release|Any CPU
		{DA023F4D-7729-4A9D-804D-55F9FE9F233C}.Debug|Any CPU.ActiveCfg = Debug|Any CPU
		{DA023F4D-7729-4A9D-804D-55F9FE9F233C}.Debug|Any CPU.Build.0 = Debug|Any CPU
		{DA023F4D-7729-4A9D-804D-55F9FE9F233C}.Release|Any CPU.ActiveCfg = Release|Any CPU
		{DA023F4D-7729-4A9D-804D-55F9FE9F233C}.Release|Any CPU.Build.0 = Release|Any CPU
		{08A71B32-E0FC-49A7-8245-003415EC7705}.Debug|Any CPU.ActiveCfg = Debug|Any CPU
		{08A71B32-E0FC-49A7-8245-003415EC7705}.Debug|Any CPU.Build.0 = Debug|Any CPU
		{08A71B32-E0FC-49A7-8245-003415EC7705}.Release|Any CPU.ActiveCfg = Release|Any CPU
		{08A71B32-E0FC-49A7-8245-003415EC7705}.Release|Any CPU.Build.0 = Release|Any CPU
	EndGlobalSection
	GlobalSection(SolutionProperties) = preSolution
		HideSolutionNode = FALSE
	EndGlobalSection
	GlobalSection(NestedProjects) = preSolution
		{151463A6-7252-44F0-B92B-20C567FB4532} = {02EA681E-C7D8-13C7-8484-4AC65E1B71E8}
		{5F92AD81-E00A-42B3-A646-D6DB299DDAD8} = {02EA681E-C7D8-13C7-8484-4AC65E1B71E8}
		{5E11688F-C4C0-4D98-95F3-1575C4FACB47} = {02EA681E-C7D8-13C7-8484-4AC65E1B71E8}
		{83CB1B33-DEF8-400F-BE82-BC937D397225} = {8A6FC3C3-BEA2-435F-8A8F-AF87EE43E35C}
		{DA023F4D-7729-4A9D-804D-55F9FE9F233C} = {8A6FC3C3-BEA2-435F-8A8F-AF87EE43E35C}
		{08A71B32-E0FC-49A7-8245-003415EC7705} = {8A6FC3C3-BEA2-435F-8A8F-AF87EE43E35C}
	EndGlobalSection
	GlobalSection(ExtensibilityGlobals) = postSolution
		SolutionGuid = {41D01C75-CE09-414A-958D-73574DC6AADB}
	EndGlobalSection
EndGlobal
